
Microsoft Visual Studio Solution File, Format Version 12.00
# Visual Studio Version 16
VisualStudioVersion = 16.0.30804.86
MinimumVisualStudioVersion = 10.0.40219.1
Project("{9A19103F-16F7-4668-BE54-9A1E7A4F7556}") = "el.localiza.reservas.mvc.netcore.Web", "el.localiza.reservas.mvc.netcore.Web\el.localiza.reservas.mvc.netcore.Web.csproj", "{01F124A7-6B83-4DEE-ABE7-2A06E89D728C}"
EndProject
Project("{FAE04EC0-301F-11D3-BF4B-00C04F79EFBC}") = "el.localiza.reservas.mvc.netcore.Core", "el.localiza.reservas.mvc.netcore.Core\el.localiza.reservas.mvc.netcore.Core.csproj", "{EE84FA6F-D50A-46E2-BD69-72AB5B5839B3}"
EndProject
Project("{FAE04EC0-301F-11D3-BF4B-00C04F79EFBC}") = "el.localiza.reservas.mvc.netcore.DataSource", "el.localiza.reservas.mvc.netcore.DataSource\el.localiza.reservas.mvc.netcore.DataSource.csproj", "{59B1C236-368C-4313-A3A3-EBBB7A86A5EA}"
EndProject
Global
	GlobalSection(SolutionConfigurationPlatforms) = preSolution
		Debug|Any CPU = Debug|Any CPU
		Release|Any CPU = Release|Any CPU
	EndGlobalSection
	GlobalSection(ProjectConfigurationPlatforms) = postSolution
		{01F124A7-6B83-4DEE-ABE7-2A06E89D728C}.Debug|Any CPU.ActiveCfg = Debug|Any CPU
		{01F124A7-6B83-4DEE-ABE7-2A06E89D728C}.Debug|Any CPU.Build.0 = Debug|Any CPU
		{01F124A7-6B83-4DEE-ABE7-2A06E89D728C}.Release|Any CPU.ActiveCfg = Release|Any CPU
		{01F124A7-6B83-4DEE-ABE7-2A06E89D728C}.Release|Any CPU.Build.0 = Release|Any CPU
		{EE84FA6F-D50A-46E2-BD69-72AB5B5839B3}.Debug|Any CPU.ActiveCfg = Debug|Any CPU
		{EE84FA6F-D50A-46E2-BD69-72AB5B5839B3}.Debug|Any CPU.Build.0 = Debug|Any CPU
		{EE84FA6F-D50A-46E2-BD69-72AB5B5839B3}.Release|Any CPU.ActiveCfg = Release|Any CPU
		{EE84FA6F-D50A-46E2-BD69-72AB5B5839B3}.Release|Any CPU.Build.0 = Release|Any CPU
		{59B1C236-368C-4313-A3A3-EBBB7A86A5EA}.Debug|Any CPU.ActiveCfg = Debug|Any CPU
		{59B1C236-368C-4313-A3A3-EBBB7A86A5EA}.Debug|Any CPU.Build.0 = Debug|Any CPU
		{59B1C236-368C-4313-A3A3-EBBB7A86A5EA}.Release|Any CPU.ActiveCfg = Release|Any CPU
		{59B1C236-368C-4313-A3A3-EBBB7A86A5EA}.Release|Any CPU.Build.0 = Release|Any CPU
	EndGlobalSection
	GlobalSection(SolutionProperties) = preSolution
		HideSolutionNode = FALSE
	EndGlobalSection
	GlobalSection(ExtensibilityGlobals) = postSolution
		SolutionGuid = {616C3CFB-B02D-4E38-9E34-39F3F9B21196}
	EndGlobalSection
EndGlobal
